// !$*UTF8*$!
{
	archiveVersion = 1;
	classes = {
	};
	objectVersion = 56;
	objects = {

/* Begin PBXBuildFile section */
		A3CCDCD12B9B6B03004154DB /* AppDelegate.swift in Sources */ = {isa = PBXBuildFile; fileRef = A3CCDCD02B9B6B03004154DB /* AppDelegate.swift */; };
		A3CCDCD32B9B6B03004154DB /* SceneDelegate.swift in Sources */ = {isa = PBXBuildFile; fileRef = A3CCDCD22B9B6B03004154DB /* SceneDelegate.swift */; };
		A3CCDCD52B9B6B03004154DB /* ViewController.swift in Sources */ = {isa = PBXBuildFile; fileRef = A3CCDCD42B9B6B03004154DB /* ViewController.swift */; };
		A3CCDCD82B9B6B03004154DB /* Main.storyboard in Resources */ = {isa = PBXBuildFile; fileRef = A3CCDCD62B9B6B03004154DB /* Main.storyboard */; };
		A3CCDCDB2B9B6B03004154DB /* WOL_5_2E.xcdatamodeld in Sources */ = {isa = PBXBuildFile; fileRef = A3CCDCD92B9B6B03004154DB /* WOL_5_2E.xcdatamodeld */; };
		A3CCDCDD2B9B6B05004154DB /* Assets.xcassets in Resources */ = {isa = PBXBuildFile; fileRef = A3CCDCDC2B9B6B05004154DB /* Assets.xcassets */; };
		A3CCDCE02B9B6B05004154DB /* LaunchScreen.storyboard in Resources */ = {isa = PBXBuildFile; fileRef = A3CCDCDE2B9B6B05004154DB /* LaunchScreen.storyboard */; };
/* End PBXBuildFile section */

/* Begin PBXFileReference section */
		A3CCDCCD2B9B6B03004154DB /* WOL 5_2E.app */ = {isa = PBXFileReference; explicitFileType = wrapper.application; includeInIndex = 0; path = "WOL 5_2E.app"; sourceTree = BUILT_PRODUCTS_DIR; };
		A3CCDCD02B9B6B03004154DB /* AppDelegate.swift */ = {isa = PBXFileReference; lastKnownFileType = sourcecode.swift; path = AppDelegate.swift; sourceTree = "<group>"; };
		A3CCDCD22B9B6B03004154DB /* SceneDelegate.swift */ = {isa = PBXFileReference; lastKnownFileType = sourcecode.swift; path = SceneDelegate.swift; sourceTree = "<group>"; };
		A3CCDCD42B9B6B03004154DB /* ViewController.swift */ = {isa = PBXFileReference; lastKnownFileType = sourcecode.swift; path = ViewController.swift; sourceTree = "<group>"; };
		A3CCDCD72B9B6B03004154DB /* Base */ = {isa = PBXFileReference; lastKnownFileType = file.storyboard; name = Base; path = Base.lproj/Main.storyboard; sourceTree = "<group>"; };
		A3CCDCDA2B9B6B03004154DB /* WOL_5_2E.xcdatamodel */ = {isa = PBXFileReference; lastKnownFileType = wrapper.xcdatamodel; path = WOL_5_2E.xcdatamodel; sourceTree = "<group>"; };
		A3CCDCDC2B9B6B05004154DB /* Assets.xcassets */ = {isa = PBXFileReference; lastKnownFileType = folder.assetcatalog; path = Assets.xcassets; sourceTree = "<group>"; };
		A3CCDCDF2B9B6B05004154DB /* Base */ = {isa = PBXFileReference; lastKnownFileType = file.storyboard; name = Base; path = Base.lproj/LaunchScreen.storyboard; sourceTree = "<group>"; };
		A3CCDCE12B9B6B05004154DB /* WOL_5_2E.entitlements */ = {isa = PBXFileReference; lastKnownFileType = text.plist.entitlements; path = WOL_5_2E.entitlements; sourceTree = "<group>"; };
		A3CCDCE22B9B6B05004154DB /* Info.plist */ = {isa = PBXFileReference; lastKnownFileType = text.plist.xml; path = Info.plist; sourceTree = "<group>"; };
/* End PBXFileReference section */

/* Begin PBXFrameworksBuildPhase section */
		A3CCDCCA2B9B6B03004154DB /* Frameworks */ = {
			isa = PBXFrameworksBuildPhase;
			buildActionMask = 2147483647;
			files = (
			);
			runOnlyForDeploymentPostprocessing = 0;
		};
/* End PBXFrameworksBuildPhase section */

/* Begin PBXGroup section */
		A3CCDCC42B9B6B03004154DB = {
			isa = PBXGroup;
			children = (
				A3CCDCCF2B9B6B03004154DB /* WOL 5_2E */,
				A3CCDCCE2B9B6B03004154DB /* Products */,
			);
			sourceTree = "<group>";
		};
		A3CCDCCE2B9B6B03004154DB /* Products */ = {
			isa = PBXGroup;
			children = (
				A3CCDCCD2B9B6B03004154DB /* WOL 5_2E.app */,
			);
			name = Products;
			sourceTree = "<group>";
		};
		A3CCDCCF2B9B6B03004154DB /* WOL 5_2E */ = {
			isa = PBXGroup;
			children = (
				A3CCDCD02B9B6B03004154DB /* AppDelegate.swift */,
				A3CCDCD22B9B6B03004154DB /* SceneDelegate.swift */,
				A3CCDCD42B9B6B03004154DB /* ViewController.swift */,
				A3CCDCD62B9B6B03004154DB /* Main.storyboard */,
				A3CCDCDC2B9B6B05004154DB /* Assets.xcassets */,
				A3CCDCDE2B9B6B05004154DB /* LaunchScreen.storyboard */,
				A3CCDCE12B9B6B05004154DB /* WOL_5_2E.entitlements */,
				A3CCDCE22B9B6B05004154DB /* Info.plist */,
				A3CCDCD92B9B6B03004154DB /* WOL_5_2E.xcdatamodeld */,
			);
			path = "WOL 5_2E";
			sourceTree = "<group>";
		};
/* End PBXGroup section */

/* Begin PBXNativeTarget section */
		A3CCDCCC2B9B6B03004154DB /* WOL 5_2E */ = {
			isa = PBXNativeTarget;
			buildConfigurationList = A3CCDCE52B9B6B05004154DB /* Build configuration list for PBXNativeTarget "WOL 5_2E" */;
			buildPhases = (
				A3CCDCC92B9B6B03004154DB /* Sources */,
				A3CCDCCA2B9B6B03004154DB /* Frameworks */,
				A3CCDCCB2B9B6B03004154DB /* Resources */,
			);
			buildRules = (
			);
			dependencies = (
			);
			name = "WOL 5_2E";
			productName = "WOL 5_2E";
			productReference = A3CCDCCD2B9B6B03004154DB /* WOL 5_2E.app */;
			productType = "com.apple.product-type.application";
		};
/* End PBXNativeTarget section */

/* Begin PBXProject section */
		A3CCDCC52B9B6B03004154DB /* Project object */ = {
			isa = PBXProject;
			attributes = {
				BuildIndependentTargetsInParallel = 1;
				LastSwiftUpdateCheck = 1520;
				LastUpgradeCheck = 1520;
				TargetAttributes = {
					A3CCDCCC2B9B6B03004154DB = {
						CreatedOnToolsVersion = 15.2;
					};
				};
			};
			buildConfigurationList = A3CCDCC82B9B6B03004154DB /* Build configuration list for PBXProject "WOL 5_2E" */;
			compatibilityVersion = "Xcode 14.0";
			developmentRegion = en;
			hasScannedForEncodings = 0;
			knownRegions = (
				en,
				Base,
			);
			mainGroup = A3CCDCC42B9B6B03004154DB;
			productRefGroup = A3CCDCCE2B9B6B03004154DB /* Products */;
			projectDirPath = "";
			projectRoot = "";
			targets = (
				A3CCDCCC2B9B6B03004154DB /* WOL 5_2E */,
			);
		};
/* End PBXProject section */

/* Begin PBXResourcesBuildPhase section */
		A3CCDCCB2B9B6B03004154DB /* Resources */ = {
			isa = PBXResourcesBuildPhase;
			buildActionMask = 2147483647;
			files = (
				A3CCDCE02B9B6B05004154DB /* LaunchScreen.storyboard in Resources */,
				A3CCDCDD2B9B6B05004154DB /* Assets.xcassets in Resources */,
				A3CCDCD82B9B6B03004154DB /* Main.storyboard in Resources */,
			);
			runOnlyForDeploymentPostprocessing = 0;
		};
/* End PBXResourcesBuildPhase section */

/* Begin PBXSourcesBuildPhase section */
		A3CCDCC92B9B6B03004154DB /* Sources */ = {
			isa = PBXSourcesBuildPhase;
			buildActionMask = 2147483647;
			files = (
				A3CCDCD52B9B6B03004154DB /* ViewController.swift in Sources */,
				A3CCDCDB2B9B6B03004154DB /* WOL_5_2E.xcdatamodeld in Sources */,
				A3CCDCD12B9B6B03004154DB /* AppDelegate.swift in Sources */,
				A3CCDCD32B9B6B03004154DB /* SceneDelegate.swift in Sources */,
			);
			runOnlyForDeploymentPostprocessing = 0;
		};
/* End PBXSourcesBuildPhase section */

/* Begin PBXVariantGroup section */
		A3CCDCD62B9B6B03004154DB /* Main.storyboard */ = {
			isa = PBXVariantGroup;
			children = (
				A3CCDCD72B9B6B03004154DB /* Base */,
			);
			name = Main.storyboard;
			sourceTree = "<group>";
		};
		A3CCDCDE2B9B6B05004154DB /* LaunchScreen.storyboard */ = {
			isa = PBXVariantGroup;
			children = (
				A3CCDCDF2B9B6B05004154DB /* Base */,
			);
			name = LaunchScreen.storyboard;
			sourceTree = "<group>";
		};
/* End PBXVariantGroup section */

/* Begin XCBuildConfiguration section */
		A3CCDCE32B9B6B05004154DB /* Debug */ = {
			isa = XCBuildConfiguration;
			buildSettings = {
				ALWAYS_SEARCH_USER_PATHS = NO;
				ASSETCATALOG_COMPILER_GENERATE_SWIFT_ASSET_SYMBOL_EXTENSIONS = YES;
				CLANG_ANALYZER_NONNULL = YES;
				CLANG_ANALYZER_NUMBER_OBJECT_CONVERSION = YES_AGGRESSIVE;
				CLANG_CXX_LANGUAGE_STANDARD = "gnu++20";
				CLANG_ENABLE_MODULES = YES;
				CLANG_ENABLE_OBJC_ARC = YES;
				CLANG_ENABLE_OBJC_WEAK = YES;
				CLANG_WARN_BLOCK_CAPTURE_AUTORELEASING = YES;
				CLANG_WARN_BOOL_CONVERSION = YES;
				CLANG_WARN_COMMA = YES;
				CLANG_WARN_CONSTANT_CONVERSION = YES;
				CLANG_WARN_DEPRECATED_OBJC_IMPLEMENTATIONS = YES;
				CLANG_WARN_DIRECT_OBJC_ISA_USAGE = YES_ERROR;
				CLANG_WARN_DOCUMENTATION_COMMENTS = YES;
				CLANG_WARN_EMPTY_BODY = YES;
				CLANG_WARN_ENUM_CONVERSION = YES;
				CLANG_WARN_INFINITE_RECURSION = YES;
				CLANG_WARN_INT_CONVERSION = YES;
				CLANG_WARN_NON_LITERAL_NULL_CONVERSION = YES;
				CLANG_WARN_OBJC_IMPLICIT_RETAIN_SELF = YES;
				CLANG_WARN_OBJC_LITERAL_CONVERSION = YES;
				CLANG_WARN_OBJC_ROOT_CLASS = YES_ERROR;
				CLANG_WARN_QUOTED_INCLUDE_IN_FRAMEWORK_HEADER = YES;
				CLANG_WARN_RANGE_LOOP_ANALYSIS = YES;
				CLANG_WARN_STRICT_PROTOTYPES = YES;
				CLANG_WARN_SUSPICIOUS_MOVE = YES;
				CLANG_WARN_UNGUARDED_AVAILABILITY = YES_AGGRESSIVE;
				CLANG_WARN_UNREACHABLE_CODE = YES;
				CLANG_WARN__DUPLICATE_METHOD_MATCH = YES;
				COPY_PHASE_STRIP = NO;
				DEBUG_INFORMATION_FORMAT = dwarf;
				ENABLE_STRICT_OBJC_MSGSEND = YES;
				ENABLE_TESTABILITY = YES;
				ENABLE_USER_SCRIPT_SANDBOXING = YES;
				GCC_C_LANGUAGE_STANDARD = gnu17;
				GCC_DYNAMIC_NO_PIC = NO;
				GCC_NO_COMMON_BLOCKS = YES;
				GCC_OPTIMIZATION_LEVEL = 0;
				GCC_PREPROCESSOR_DEFINITIONS = (
					"DEBUG=1",
					"$(inherited)",
				);
				GCC_WARN_64_TO_32_BIT_CONVERSION = YES;
				GCC_WARN_ABOUT_RETURN_TYPE = YES_ERROR;
				GCC_WARN_UNDECLARED_SELECTOR = YES;
				GCC_WARN_UNINITIALIZED_AUTOS = YES_AGGRESSIVE;
				GCC_WARN_UNUSED_FUNCTION = YES;
				GCC_WARN_UNUSED_VARIABLE = YES;
				IPHONEOS_DEPLOYMENT_TARGET = 17.2;
				LOCALIZATION_PREFERS_STRING_CATALOGS = YES;
				MTL_ENABLE_DEBUG_INFO = INCLUDE_SOURCE;
				MTL_FAST_MATH = YES;
				ONLY_ACTIVE_ARCH = YES;
				SDKROOT = iphoneos;
				SWIFT_ACTIVE_COMPILATION_CONDITIONS = "DEBUG $(inherited)";
				SWIFT_OPTIMIZATION_LEVEL = "-Onone";
			};
			name = Debug;
		};
		A3CCDCE42B9B6B05004154DB /* Release */ = {
			isa = XCBuildConfiguration;
			buildSettings = {
				ALWAYS_SEARCH_USER_PATHS = NO;
				ASSETCATALOG_COMPILER_GENERATE_SWIFT_ASSET_SYMBOL_EXTENSIONS = YES;
				CLANG_ANALYZER_NONNULL = YES;
				CLANG_ANALYZER_NUMBER_OBJECT_CONVERSION = YES_AGGRESSIVE;
				CLANG_CXX_LANGUAGE_STANDARD = "gnu++20";
				CLANG_ENABLE_MODULES = YES;
				CLANG_ENABLE_OBJC_ARC = YES;
				CLANG_ENABLE_OBJC_WEAK = YES;
				CLANG_WARN_BLOCK_CAPTURE_AUTORELEASING = YES;
				CLANG_WARN_BOOL_CONVERSION = YES;
				CLANG_WARN_COMMA = YES;
				CLANG_WARN_CONSTANT_CONVERSION = YES;
				CLANG_WARN_DEPRECATED_OBJC_IMPLEMENTATIONS = YES;
				CLANG_WARN_DIRECT_OBJC_ISA_USAGE = YES_ERROR;
				CLANG_WARN_DOCUMENTATION_COMMENTS = YES;
				CLANG_WARN_EMPTY_BODY = YES;
				CLANG_WARN_ENUM_CONVERSION = YES;
				CLANG_WARN_INFINITE_RECURSION = YES;
				CLANG_WARN_INT_CONVERSION = YES;
				CLANG_WARN_NON_LITERAL_NULL_CONVERSION = YES;
				CLANG_WARN_OBJC_IMPLICIT_RETAIN_SELF = YES;
				CLANG_WARN_OBJC_LITERAL_CONVERSION = YES;
				CLANG_WARN_OBJC_ROOT_CLASS = YES_ERROR;
				CLANG_WARN_QUOTED_INCLUDE_IN_FRAMEWORK_HEADER = YES;
				CLANG_WARN_RANGE_LOOP_ANALYSIS = YES;
				CLANG_WARN_STRICT_PROTOTYPES = YES;
				CLANG_WARN_SUSPICIOUS_MOVE = YES;
				CLANG_WARN_UNGUARDED_AVAILABILITY = YES_AGGRESSIVE;
				CLANG_WARN_UNREACHABLE_CODE = YES;
				CLANG_WARN__DUPLICATE_METHOD_MATCH = YES;
				COPY_PHASE_STRIP = NO;
				DEBUG_INFORMATION_FORMAT = "dwarf-with-dsym";
				ENABLE_NS_ASSERTIONS = NO;
				ENABLE_STRICT_OBJC_MSGSEND = YES;
				ENABLE_USER_SCRIPT_SANDBOXING = YES;
				GCC_C_LANGUAGE_STANDARD = gnu17;
				GCC_NO_COMMON_BLOCKS = YES;
				GCC_WARN_64_TO_32_BIT_CONVERSION = YES;
				GCC_WARN_ABOUT_RETURN_TYPE = YES_ERROR;
				GCC_WARN_UNDECLARED_SELECTOR = YES;
				GCC_WARN_UNINITIALIZED_AUTOS = YES_AGGRESSIVE;
				GCC_WARN_UNUSED_FUNCTION = YES;
				GCC_WARN_UNUSED_VARIABLE = YES;
				IPHONEOS_DEPLOYMENT_TARGET = 17.2;
				LOCALIZATION_PREFERS_STRING_CATALOGS = YES;
				MTL_ENABLE_DEBUG_INFO = NO;
				MTL_FAST_MATH = YES;
				SDKROOT = iphoneos;
				SWIFT_COMPILATION_MODE = wholemodule;
				VALIDATE_PRODUCT = YES;
			};
			name = Release;
		};
		A3CCDCE62B9B6B05004154DB /* Debug */ = {
			isa = XCBuildConfiguration;
			buildSettings = {
				ASSETCATALOG_COMPILER_APPICON_NAME = AppIcon;
				ASSETCATALOG_COMPILER_GLOBAL_ACCENT_COLOR_NAME = AccentColor;
				CODE_SIGN_ENTITLEMENTS = "WOL 5_2E/WOL_5_2E.entitlements";
				CODE_SIGN_STYLE = Automatic;
				CURRENT_PROJECT_VERSION = 1;
				DEVELOPMENT_TEAM = WWJ3UH8QZQ;
				GENERATE_INFOPLIST_FILE = YES;
				INFOPLIST_FILE = "WOL 5_2E/Info.plist";
				INFOPLIST_KEY_UIApplicationSupportsIndirectInputEvents = YES;
				INFOPLIST_KEY_UILaunchStoryboardName = LaunchScreen;
				INFOPLIST_KEY_UIMainStoryboardFile = Main;
				INFOPLIST_KEY_UISupportedInterfaceOrientations_iPad = "UIInterfaceOrientationPortrait UIInterfaceOrientationPortraitUpsideDown UIInterfaceOrientationLandscapeLeft UIInterfaceOrientationLandscapeRight";
				INFOPLIST_KEY_UISupportedInterfaceOrientations_iPhone = "UIInterfaceOrientationPortrait UIInterfaceOrientationLandscapeLeft UIInterfaceOrientationLandscapeRight";
				LD_RUNPATH_SEARCH_PATHS = (
					"$(inherited)",
					"@executable_path/Frameworks",
				);
				MARKETING_VERSION = 1.0;
				PRODUCT_BUNDLE_IDENTIFIER = "syntemcyber.WOL-5-2E";
				PRODUCT_NAME = "$(TARGET_NAME)";
				SWIFT_EMIT_LOC_STRINGS = YES;
				SWIFT_VERSION = 5.0;
				TARGETED_DEVICE_FAMILY = "1,2";
			};
			name = Debug;
		};
		A3CCDCE72B9B6B05004154DB /* Release */ = {
			isa = XCBuildConfiguration;
			buildSettings = {
				ASSETCATALOG_COMPILER_APPICON_NAME = AppIcon;
				ASSETCATALOG_COMPILER_GLOBAL_ACCENT_COLOR_NAME = AccentColor;
				CODE_SIGN_ENTITLEMENTS = "WOL 5_2E/WOL_5_2E.entitlements";
				CODE_SIGN_STYLE = Automatic;
				CURRENT_PROJECT_VERSION = 1;
				DEVELOPMENT_TEAM = WWJ3UH8QZQ;
				GENERATE_INFOPLIST_FILE = YES;
				INFOPLIST_FILE = "WOL 5_2E/Info.plist";
				INFOPLIST_KEY_UIApplicationSupportsIndirectInputEvents = YES;
				INFOPLIST_KEY_UILaunchStoryboardName = LaunchScreen;
				INFOPLIST_KEY_UIMainStoryboardFile = Main;
				INFOPLIST_KEY_UISupportedInterfaceOrientations_iPad = "UIInterfaceOrientationPortrait UIInterfaceOrientationPortraitUpsideDown UIInterfaceOrientationLandscapeLeft UIInterfaceOrientationLandscapeRight";
				INFOPLIST_KEY_UISupportedInterfaceOrientations_iPhone = "UIInterfaceOrientationPortrait UIInterfaceOrientationLandscapeLeft UIInterfaceOrientationLandscapeRight";
				LD_RUNPATH_SEARCH_PATHS = (
					"$(inherited)",
					"@executable_path/Frameworks",
				);
				MARKETING_VERSION = 1.0;
				PRODUCT_BUNDLE_IDENTIFIER = "syntemcyber.WOL-5-2E";
				PRODUCT_NAME = "$(TARGET_NAME)";
				SWIFT_EMIT_LOC_STRINGS = YES;
				SWIFT_VERSION = 5.0;
				TARGETED_DEVICE_FAMILY = "1,2";
			};
			name = Release;
		};
/* End XCBuildConfiguration section */

/* Begin XCConfigurationList section */
		A3CCDCC82B9B6B03004154DB /* Build configuration list for PBXProject "WOL 5_2E" */ = {
			isa = XCConfigurationList;
			buildConfigurations = (
				A3CCDCE32B9B6B05004154DB /* Debug */,
				A3CCDCE42B9B6B05004154DB /* Release */,
			);
			defaultConfigurationIsVisible = 0;
			defaultConfigurationName = Release;
		};
		A3CCDCE52B9B6B05004154DB /* Build configuration list for PBXNativeTarget "WOL 5_2E" */ = {
			isa = XCConfigurationList;
			buildConfigurations = (
				A3CCDCE62B9B6B05004154DB /* Debug */,
				A3CCDCE72B9B6B05004154DB /* Release */,
			);
			defaultConfigurationIsVisible = 0;
			defaultConfigurationName = Release;
		};
/* End XCConfigurationList section */

/* Begin XCVersionGroup section */
		A3CCDCD92B9B6B03004154DB /* WOL_5_2E.xcdatamodeld */ = {
			isa = XCVersionGroup;
			children = (
				A3CCDCDA2B9B6B03004154DB /* WOL_5_2E.xcdatamodel */,
			);
			currentVersion = A3CCDCDA2B9B6B03004154DB /* WOL_5_2E.xcdatamodel */;
			path = WOL_5_2E.xcdatamodeld;
			sourceTree = "<group>";
			versionGroupType = wrapper.xcdatamodel;
		};
/* End XCVersionGroup section */
	};
	rootObject = A3CCDCC52B9B6B03004154DB /* Project object */;
}
